
Microsoft Visual Studio Solution File, Format Version 11.00
# Visual Studio 2010
Project("{FAE04EC0-301F-11D3-BF4B-00C04F79EFBC}") = "UTF_Suites_GraphicsGeneral", "Assembly-CSharp.csproj", "{EA493EFD-401B-73DB-D1EE-060C2EC14B06}"
EndProject
Project("{FAE04EC0-301F-11D3-BF4B-00C04F79EFBC}") = "UTF_Suites_GraphicsGeneral", "Assembly-CSharp-Editor.csproj", "{A1D0CDE6-7ECB-A8F2-7391-75E629C8A8D0}"
EndProject
Global
	GlobalSection(SolutionConfigurationPlatforms) = preSolution
		Debug|Any CPU = Debug|Any CPU
		Release|Any CPU = Release|Any CPU
	EndGlobalSection
	GlobalSection(ProjectConfigurationPlatforms) = postSolution
		{EA493EFD-401B-73DB-D1EE-060C2EC14B06}.Debug|Any CPU.ActiveCfg = Debug|Any CPU
		{EA493EFD-401B-73DB-D1EE-060C2EC14B06}.Debug|Any CPU.Build.0 = Debug|Any CPU
		{EA493EFD-401B-73DB-D1EE-060C2EC14B06}.Release|Any CPU.ActiveCfg = Release|Any CPU
		{EA493EFD-401B-73DB-D1EE-060C2EC14B06}.Release|Any CPU.Build.0 = Release|Any CPU
		{A1D0CDE6-7ECB-A8F2-7391-75E629C8A8D0}.Debug|Any CPU.ActiveCfg = Debug|Any CPU
		{A1D0CDE6-7ECB-A8F2-7391-75E629C8A8D0}.Debug|Any CPU.Build.0 = Debug|Any CPU
		{A1D0CDE6-7ECB-A8F2-7391-75E629C8A8D0}.Release|Any CPU.ActiveCfg = Release|Any CPU
		{A1D0CDE6-7ECB-A8F2-7391-75E629C8A8D0}.Release|Any CPU.Build.0 = Release|Any CPU
	EndGlobalSection
	GlobalSection(SolutionProperties) = preSolution
		HideSolutionNode = FALSE
	EndGlobalSection
	GlobalSection(MonoDevelopProperties) = preSolution
		StartupItem = Assembly-CSharp.csproj
	EndGlobalSection
EndGlobal
